Microsoft Visual Studio Solution File, Format Version 12.00
# Visual Studio 15
VisualStudioVersion = 15.0.26214.1
MinimumVisualStudioVersion = 10.0.40219.1
Project("{FAE04EC0-301F-11D3-BF4B-00C04F79EFBC}") = "ApiIntersect", "ApiIntersect\ApiIntersect.csproj", "{CD767D93-6C99-4D6A-A303-3C139A73400E}"
EndProject
Global
	GlobalSection(SolutionConfigurationPlatforms) = preSolution
		Debug|AnyCPU = Debug|AnyCPU
		Release|AnyCPU = Release|AnyCPU
	EndGlobalSection
	GlobalSection(ProjectConfigurationPlatforms) = postSolution
		{CD767D93-6C99-4D6A-A303-3C139A73400E}.Debug|AnyCPU.ActiveCfg = Debug|Any CPU
		{CD767D93-6C99-4D6A-A303-3C139A73400E}.Debug|AnyCPU.Build.0 = Debug|Any CPU
		{CD767D93-6C99-4D6A-A303-3C139A73400E}.Release|AnyCPU.ActiveCfg = Release|Any CPU
		{CD767D93-6C99-4D6A-A303-3C139A73400E}.Release|AnyCPU.Build.0 = Release|Any CPU
	EndGlobalSection
	GlobalSection(SolutionProperties) = preSolution
		HideSolutionNode = FALSE
	EndGlobalSection
	GlobalSection(MonoDevelopProperties) = preSolution
		Policies = $0
		$0.TextStylePolicy = $1
		$1.FileWidth = 120
		$1.TabsToSpaces = False
		$1.inheritsSet = VisualStudio
		$1.inheritsScope = text/plain
		$1.scope = text/x-csharp
		$0.CSharpFormattingPolicy = $2
		$2.inheritsSet = Mono
		$2.inheritsScope = text/x-csharp
		$2.scope = text/x-csharp
	EndGlobalSection
EndGlobal
